
Microsoft Visual Studio Solution File, Format Version 12.00
# Visual Studio Version 17
VisualStudioVersion = 17.0.31423.177
MinimumVisualStudioVersion = 10.0.40219.1
Project("{8BC9CEB8-8B4A-11D0-8D11-00A0C91BC942}") = "Windows-Wrapper", "Windows-Wrapper\Windows-Wrapper.vcxproj", "{7E6A08CF-93F7-408A-91B2-8E879144F594}"
EndProject
Global
	GlobalSection(SolutionConfigurationPlatforms) = preSolution
		Debug|x64 = Debug|x64
		Debug|x86 = Debug|x86
		Release|x64 = Release|x64
		Release|x86 = Release|x86
	EndGlobalSection
	GlobalSection(ProjectConfigurationPlatforms) = postSolution
		{7E6A08CF-93F7-408A-91B2-8E879144F594}.Debug|x64.ActiveCfg = Debug|x64
		{7E6A08CF-93F7-408A-91B2-8E879144F594}.Debug|x64.Build.0 = Debug|x64
		{7E6A08CF-93F7-408A-91B2-8E879144F594}.Debug|x86.ActiveCfg = Debug|Win32
		{7E6A08CF-93F7-408A-91B2-8E879144F594}.Debug|x86.Build.0 = Debug|Win32
		{7E6A08CF-93F7-408A-91B2-8E879144F594}.Release|x64.ActiveCfg = Release|x64
		{7E6A08CF-93F7-408A-91B2-8E879144F594}.Release|x64.Build.0 = Release|x64
		{7E6A08CF-93F7-408A-91B2-8E879144F594}.Release|x86.ActiveCfg = Release|Win32
		{7E6A08CF-93F7-408A-91B2-8E879144F594}.Release|x86.Build.0 = Release|Win32
	EndGlobalSection
	GlobalSection(SolutionProperties) = preSolution
		HideSolutionNode = FALSE
	EndGlobalSection
	GlobalSection(ExtensibilityGlobals) = postSolution
		SolutionGuid = {5ABF329D-C3BB-4198-A26D-9D4671627BE9}
	EndGlobalSection
EndGlobal
