<?xml version="1.0" encoding="utf-8"?>
<Project ToolsVersion="4.0" xmlns="http://schemas.microsoft.com/developer/msbuild/2003">
  <ItemGroup>
    <ClCompile Include="Control.cpp" />
    <ClCompile Include="dxerr.cpp" />
    <ClCompile Include="DXGIInfoManager.cpp" />
    <ClCompile Include="Graphics.cpp" />
    <ClCompile Include="Keyboard.cpp" />
    <ClCompile Include="Mathlib.cpp" />
    <ClCompile Include="Mouse.cpp" />
    <ClCompile Include="Timer.cpp" />
    <ClCompile Include="Window.cpp" />
    <ClCompile Include="WinMain.cpp" />
    <ClCompile Include="Menu.cpp">
      <Filter>Menu</Filter>
    </ClCompile>
    <ClCompile Include="MenuCheckItem.cpp">
      <Filter>Menu</Filter>
    </ClCompile>
    <ClCompile Include="MenuItem.cpp">
      <Filter>Menu</Filter>
    </ClCompile>
    <ClCompile Include="MenuLeaf.cpp">
      <Filter>Menu</Filter>
    </ClCompile>
    <ClCompile Include="MenuRadioItem.cpp">
      <Filter>Menu</Filter>
    </ClCompile>
    <ClCompile Include="MenuRoot.cpp">
      <Filter>Menu</Filter>
    </ClCompile>
    <ClCompile Include="MenuSeparator.cpp">
      <Filter>Menu</Filter>
    </ClCompile>
    <ClCompile Include="MenuBar.cpp">
      <Filter>Menu</Filter>
    </ClCompile>
    <ClCompile Include="Event.cpp">
      <Filter>Events</Filter>
    </ClCompile>
    <ClCompile Include="MenuEntryItem.cpp">
      <Filter>Menu</Filter>
    </ClCompile>
    <ClCompile Include="MenuEntryIconItem.cpp">
      <Filter>Menu</Filter>
    </ClCompile>
    <ClCompile Include="Button.cpp" />
    <ClCompile Include="Application.cpp" />
    <ClCompile Include="MessageMapper.cpp" />
    <ClCompile Include="TextBox.cpp" />
    <ClCompile Include="WinAPI.cpp" />
    <ClCompile Include="Font.cpp" />
    <ClCompile Include="ProgressBar.cpp" />
    <ClCompile Include="TestUserApplication.cpp" />
    <ClCompile Include="ToolStrip.cpp" />
    <ClCompile Include="Label.cpp" />
    <ClCompile Include="Component.cpp" />
    <ClCompile Include="Container.cpp" />
    <ClCompile Include="Utilities.cpp" />
    <ClCompile Include="Site.cpp" />
    <ClCompile Include="EventDispatcher.cpp">
      <Filter>Events</Filter>
    </ClCompile>
    <ClCompile Include="TestRealTimeApplication.cpp" />
    <ClCompile Include="MenuStrip.cpp" />
    <ClCompile Include="ListControl.cpp" />
    <ClCompile Include="ListBox.cpp" />
    <ClCompile Include="ComboBox.cpp" />
    <ClCompile Include="ListItem.cpp" />
    <ClCompile Include="ScrollBar.cpp" />
    <ClCompile Include="ListItemCollection.cpp" />
    <ClCompile Include="ScrollableControl.cpp" />
    <ClCompile Include="VerticalScrollBar.cpp" />
    <ClCompile Include="HorizontalScrollBar.cpp" />
    <ClCompile Include="WindowClass.cpp" />
    <ClCompile Include="ArgumentException.cpp">
      <Filter>Exceptions</Filter>
    </ClCompile>
    <ClCompile Include="ArgumentNullException.cpp">
      <Filter>Exceptions</Filter>
    </ClCompile>
    <ClCompile Include="ArgumentOutOfRangeException.cpp">
      <Filter>Exceptions</Filter>
    </ClCompile>
    <ClCompile Include="ControlException.cpp">
      <Filter>Exceptions</Filter>
    </ClCompile>
    <ClCompile Include="InvalidOperationException.cpp">
      <Filter>Exceptions</Filter>
    </ClCompile>
    <ClCompile Include="NotImplementedException.cpp">
      <Filter>Exceptions</Filter>
    </ClCompile>
    <ClCompile Include="NotSupportedException.cpp">
      <Filter>Exceptions</Filter>
    </ClCompile>
    <ClCompile Include="SystemException.cpp">
      <Filter>Exceptions</Filter>
    </ClCompile>
    <ClCompile Include="Exception.cpp">
      <Filter>Exceptions</Filter>
    </ClCompile>
    <ClCompile Include="IntPtr.cpp">
      <Filter>Types</Filter>
    </ClCompile>
    <ClCompile Include="Type.cpp">
      <Filter>Types</Filter>
    </ClCompile>
    <ClCompile Include="Object.cpp">
      <Filter>Types</Filter>
    </ClCompile>
    <ClCompile Include="Color.cpp">
      <Filter>Types</Filter>
    </ClCompile>
    <ClCompile Include="Point.cpp">
      <Filter>Types</Filter>
    </ClCompile>
    <ClCompile Include="Size.cpp">
      <Filter>Types</Filter>
    </ClCompile>
    <ClCompile Include="Padding.cpp">
      <Filter>Types</Filter>
    </ClCompile>
    <ClCompile Include="SHA1.cpp">
      <Filter>Security</Filter>
    </ClCompile>
  </ItemGroup>
  <ItemGroup>
    <ClInclude Include="RealTimeApplication.h" />
    <ClInclude Include="Common.h" />
    <ClInclude Include="Control.h" />
    <ClInclude Include="dxerr.h" />
    <ClInclude Include="DXGIInfoManager.h" />
    <ClInclude Include="Graphics.h" />
    <ClInclude Include="Keyboard.h" />
    <ClInclude Include="Mathlib.h" />
    <ClInclude Include="Mouse.h" />
    <ClInclude Include="Timer.h" />
    <ClInclude Include="Window.h" />
    <ClInclude Include="IHandle.h">
      <Filter>Interfaces</Filter>
    </ClInclude>
    <ClInclude Include="IEquatable.h">
      <Filter>Interfaces</Filter>
    </ClInclude>
    <ClInclude Include="Menu.h">
      <Filter>Menu</Filter>
    </ClInclude>
    <ClInclude Include="MenuCheckItem.h">
      <Filter>Menu</Filter>
    </ClInclude>
    <ClInclude Include="MenuItem.h">
      <Filter>Menu</Filter>
    </ClInclude>
    <ClInclude Include="MenuLeaf.h">
      <Filter>Menu</Filter>
    </ClInclude>
    <ClInclude Include="MenuRadioItem.h">
      <Filter>Menu</Filter>
    </ClInclude>
    <ClInclude Include="MenuRoot.h">
      <Filter>Menu</Filter>
    </ClInclude>
    <ClInclude Include="MenuSeparator.h">
      <Filter>Menu</Filter>
    </ClInclude>
    <ClInclude Include="MenuBar.h">
      <Filter>Menu</Filter>
    </ClInclude>
    <ClInclude Include="Event.h">
      <Filter>Events</Filter>
    </ClInclude>
    <ClInclude Include="MouseEventHandler.h">
      <Filter>Events</Filter>
    </ClInclude>
    <ClInclude Include="EventArgs.h">
      <Filter>Events</Filter>
    </ClInclude>
    <ClInclude Include="MouseEventArgs.h">
      <Filter>Events</Filter>
    </ClInclude>
    <ClInclude Include="EventHandler.h">
      <Filter>Events</Filter>
    </ClInclude>
    <ClInclude Include="MenuEntryItem.h">
      <Filter>Menu</Filter>
    </ClInclude>
    <ClInclude Include="MenuEntryIconItem.h">
      <Filter>Menu</Filter>
    </ClInclude>
    <ClInclude Include="Button.h" />
    <ClInclude Include="WinAPI.h" />
    <ClInclude Include="KeyEventHandler.h">
      <Filter>Events</Filter>
    </ClInclude>
    <ClInclude Include="KeyEventArgs.h">
      <Filter>Events</Filter>
    </ClInclude>
    <ClInclude Include="KeyPressEventArgs.h">
      <Filter>Events</Filter>
    </ClInclude>
    <ClInclude Include="KeyPressEventHandler.h">
      <Filter>Events</Filter>
    </ClInclude>
    <ClInclude Include="OnClosingEventArgs.h">
      <Filter>Events</Filter>
    </ClInclude>
    <ClInclude Include="OnClosingEventHandler.h">
      <Filter>Events</Filter>
    </ClInclude>
    <ClInclude Include="Enums.h" />
    <ClInclude Include="OnClosedEventArgs.h">
      <Filter>Events</Filter>
    </ClInclude>
    <ClInclude Include="OnClosedEventHandler.h">
      <Filter>Events</Filter>
    </ClInclude>
    <ClInclude Include="Application.h" />
    <ClInclude Include="UserApplication.h" />
    <ClInclude Include="MessageMapper.h" />
    <ClInclude Include="TextBox.h" />
    <ClInclude Include="CancelEventArgs.h">
      <Filter>Events</Filter>
    </ClInclude>
    <ClInclude Include="CancelEventHandler.h">
      <Filter>Events</Filter>
    </ClInclude>
    <ClInclude Include="Keys.h" />
    <ClInclude Include="MouseButtons.h" />
    <ClInclude Include="Font.h" />
    <ClInclude Include="ProgressBar.h" />
    <ClInclude Include="TestUserApplication.h" />
    <ClInclude Include="ToolStrip.h" />
    <ClInclude Include="Label.h" />
    <ClInclude Include="IDisposable.h">
      <Filter>Interfaces</Filter>
    </ClInclude>
    <ClInclude Include="IComponent.h">
      <Filter>Interfaces</Filter>
    </ClInclude>
    <ClInclude Include="ISite.h">
      <Filter>Interfaces</Filter>
    </ClInclude>
    <ClInclude Include="IContainer.h">
      <Filter>Interfaces</Filter>
    </ClInclude>
    <ClInclude Include="Component.h" />
    <ClInclude Include="Container.h" />
    <ClInclude Include="Utilities.h" />
    <ClInclude Include="Site.h" />
    <ClInclude Include="IEvent.h">
      <Filter>Events</Filter>
    </ClInclude>
    <ClInclude Include="EventDispatcher.h">
      <Filter>Events</Filter>
    </ClInclude>
    <ClInclude Include="IEnumerator.h">
      <Filter>Interfaces</Filter>
    </ClInclude>
    <ClInclude Include="IEnumerable.h">
      <Filter>Interfaces</Filter>
    </ClInclude>
    <ClInclude Include="Enumerator.h" />
    <ClInclude Include="TestRealTimeApplication.h" />
    <ClInclude Include="FlatButtonAppearance.h" />
    <ClInclude Include="MenuStrip.h" />
    <ClInclude Include="ListControl.h" />
    <ClInclude Include="ConvertEventArgs.h">
      <Filter>Events</Filter>
    </ClInclude>
    <ClInclude Include="ListControlConvertEventArgs.h">
      <Filter>Events</Filter>
    </ClInclude>
    <ClInclude Include="ListControlConvertEventHandler.h">
      <Filter>Events</Filter>
    </ClInclude>
    <ClInclude Include="ListBox.h" />
    <ClInclude Include="ComboBox.h" />
    <ClInclude Include="ListItem.h" />
    <ClInclude Include="ScrollBar.h" />
    <ClInclude Include="ListItemCollection.h" />
    <ClInclude Include="ScrollableControl.h" />
    <ClInclude Include="VerticalScrollBar.h" />
    <ClInclude Include="HorizontalScrollBar.h" />
    <ClInclude Include="WindowClass.h" />
    <ClInclude Include="TypeCode.h" />
    <ClInclude Include="CommonObject.h" />
    <ClInclude Include="ArgumentException.h">
      <Filter>Exceptions</Filter>
    </ClInclude>
    <ClInclude Include="ArgumentNullException.h">
      <Filter>Exceptions</Filter>
    </ClInclude>
    <ClInclude Include="ArgumentOutOfRangeException.h">
      <Filter>Exceptions</Filter>
    </ClInclude>
    <ClInclude Include="ControlException.h">
      <Filter>Exceptions</Filter>
    </ClInclude>
    <ClInclude Include="InvalidOperationException.h">
      <Filter>Exceptions</Filter>
    </ClInclude>
    <ClInclude Include="NotImplementedException.h">
      <Filter>Exceptions</Filter>
    </ClInclude>
    <ClInclude Include="NotSupportedException.h">
      <Filter>Exceptions</Filter>
    </ClInclude>
    <ClInclude Include="SystemException.h">
      <Filter>Exceptions</Filter>
    </ClInclude>
    <ClInclude Include="Exception.h">
      <Filter>Exceptions</Filter>
    </ClInclude>
    <ClInclude Include="Exceptions.h">
      <Filter>Exceptions</Filter>
    </ClInclude>
    <ClInclude Include="Guid.h">
      <Filter>Types</Filter>
    </ClInclude>
    <ClInclude Include="IntPtr.h">
      <Filter>Types</Filter>
    </ClInclude>
    <ClInclude Include="Type.h">
      <Filter>Types</Filter>
    </ClInclude>
    <ClInclude Include="Object.h">
      <Filter>Types</Filter>
    </ClInclude>
    <ClInclude Include="IComparable.h">
      <Filter>Interfaces</Filter>
    </ClInclude>
    <ClInclude Include="Collection.h">
      <Filter>Data Structures</Filter>
    </ClInclude>
    <ClInclude Include="IList.h">
      <Filter>Data Structures\Interfaces</Filter>
    </ClInclude>
    <ClInclude Include="ICollection.h">
      <Filter>Data Structures\Interfaces</Filter>
    </ClInclude>
    <ClInclude Include="Color.h">
      <Filter>Types</Filter>
    </ClInclude>
    <ClInclude Include="Point.h">
      <Filter>Types</Filter>
    </ClInclude>
    <ClInclude Include="Size.h">
      <Filter>Types</Filter>
    </ClInclude>
    <ClInclude Include="Padding.h">
      <Filter>Types</Filter>
    </ClInclude>
    <ClInclude Include="Convert.h">
      <Filter>Types</Filter>
    </ClInclude>
    <ClInclude Include="SHA1.h">
      <Filter>Security</Filter>
    </ClInclude>
  </ItemGroup>
  <ItemGroup>
    <Filter Include="Interfaces">
      <UniqueIdentifier>{23d2fdbb-6f10-41e0-8b12-64052984b03f}</UniqueIdentifier>
    </Filter>
    <Filter Include="Menu">
      <UniqueIdentifier>{92987fab-9fd4-469c-b685-2c702d1fcb10}</UniqueIdentifier>
    </Filter>
    <Filter Include="Events">
      <UniqueIdentifier>{68a18714-2cd9-4c42-ab2d-ea88c215dbd4}</UniqueIdentifier>
    </Filter>
    <Filter Include="Data Structures">
      <UniqueIdentifier>{af1358be-4e8a-4e2b-a5f9-b3ca6ab8e8be}</UniqueIdentifier>
    </Filter>
    <Filter Include="Data Structures\Interfaces">
      <UniqueIdentifier>{c6fc4e61-1c7b-41ed-8540-d33500d2d738}</UniqueIdentifier>
    </Filter>
    <Filter Include="Exceptions">
      <UniqueIdentifier>{6f1d37e5-9c69-4839-8349-e691f6183d5f}</UniqueIdentifier>
    </Filter>
    <Filter Include="Types">
      <UniqueIdentifier>{479a7048-42b5-4d27-832b-e8f61663b546}</UniqueIdentifier>
    </Filter>
    <Filter Include="Security">
      <UniqueIdentifier>{2405503e-fd44-440f-833d-487a3653a71e}</UniqueIdentifier>
    </Filter>
  </ItemGroup>
  <ItemGroup>
    <None Include="ClassDiagram.cd" />
  </ItemGroup>
</Project>