<?xml version="1.0" encoding="utf-8"?>
<Project ToolsVersion="4.0" xmlns="http://schemas.microsoft.com/developer/msbuild/2003">
  <ItemGroup>
    <ClCompile Include="dxerr.cpp" />
    <ClCompile Include="DXGIInfoManager.cpp" />
    <ClCompile Include="Graphics.cpp" />
    <ClCompile Include="WinMain.cpp" />
    <ClCompile Include="Menu.cpp">
      <Filter>Menu</Filter>
    </ClCompile>
    <ClCompile Include="MenuCheckItem.cpp">
      <Filter>Menu</Filter>
    </ClCompile>
    <ClCompile Include="MenuItem.cpp">
      <Filter>Menu</Filter>
    </ClCompile>
    <ClCompile Include="MenuLeaf.cpp">
      <Filter>Menu</Filter>
    </ClCompile>
    <ClCompile Include="MenuRadioItem.cpp">
      <Filter>Menu</Filter>
    </ClCompile>
    <ClCompile Include="MenuRoot.cpp">
      <Filter>Menu</Filter>
    </ClCompile>
    <ClCompile Include="MenuSeparator.cpp">
      <Filter>Menu</Filter>
    </ClCompile>
    <ClCompile Include="MenuBar.cpp">
      <Filter>Menu</Filter>
    </ClCompile>
    <ClCompile Include="Event.cpp">
      <Filter>Events</Filter>
    </ClCompile>
    <ClCompile Include="MenuEntryItem.cpp">
      <Filter>Menu</Filter>
    </ClCompile>
    <ClCompile Include="MenuEntryIconItem.cpp">
      <Filter>Menu</Filter>
    </ClCompile>
    <ClCompile Include="Font.cpp" />
    <ClCompile Include="TestUserApplication.cpp" />
    <ClCompile Include="EventDispatcher.cpp">
      <Filter>Events</Filter>
    </ClCompile>
    <ClCompile Include="TestRealTimeApplication.cpp" />
    <ClCompile Include="ListItem.cpp" />
    <ClCompile Include="ArgumentException.cpp">
      <Filter>Exceptions</Filter>
    </ClCompile>
    <ClCompile Include="ArgumentNullException.cpp">
      <Filter>Exceptions</Filter>
    </ClCompile>
    <ClCompile Include="ArgumentOutOfRangeException.cpp">
      <Filter>Exceptions</Filter>
    </ClCompile>
    <ClCompile Include="ControlException.cpp">
      <Filter>Exceptions</Filter>
    </ClCompile>
    <ClCompile Include="InvalidOperationException.cpp">
      <Filter>Exceptions</Filter>
    </ClCompile>
    <ClCompile Include="NotImplementedException.cpp">
      <Filter>Exceptions</Filter>
    </ClCompile>
    <ClCompile Include="NotSupportedException.cpp">
      <Filter>Exceptions</Filter>
    </ClCompile>
    <ClCompile Include="SystemException.cpp">
      <Filter>Exceptions</Filter>
    </ClCompile>
    <ClCompile Include="Exception.cpp">
      <Filter>Exceptions</Filter>
    </ClCompile>
    <ClCompile Include="IntPtr.cpp">
      <Filter>Types</Filter>
    </ClCompile>
    <ClCompile Include="Type.cpp">
      <Filter>Types</Filter>
    </ClCompile>
    <ClCompile Include="Object.cpp">
      <Filter>Types</Filter>
    </ClCompile>
    <ClCompile Include="Color.cpp">
      <Filter>Types</Filter>
    </ClCompile>
    <ClCompile Include="Point.cpp">
      <Filter>Types</Filter>
    </ClCompile>
    <ClCompile Include="Size.cpp">
      <Filter>Types</Filter>
    </ClCompile>
    <ClCompile Include="Padding.cpp">
      <Filter>Types</Filter>
    </ClCompile>
    <ClCompile Include="SHA1.cpp">
      <Filter>Security</Filter>
    </ClCompile>
    <ClCompile Include="Label.cpp">
      <Filter>Controls</Filter>
    </ClCompile>
    <ClCompile Include="ListBox.cpp">
      <Filter>Controls</Filter>
    </ClCompile>
    <ClCompile Include="ListControl.cpp">
      <Filter>Controls</Filter>
    </ClCompile>
    <ClCompile Include="ComboBox.cpp">
      <Filter>Controls</Filter>
    </ClCompile>
    <ClCompile Include="Button.cpp">
      <Filter>Controls</Filter>
    </ClCompile>
    <ClCompile Include="Keyboard.cpp">
      <Filter>IO</Filter>
    </ClCompile>
    <ClCompile Include="Mouse.cpp">
      <Filter>IO</Filter>
    </ClCompile>
    <ClCompile Include="Mathlib.cpp">
      <Filter>Helpers</Filter>
    </ClCompile>
    <ClCompile Include="Utilities.cpp">
      <Filter>Helpers</Filter>
    </ClCompile>
    <ClCompile Include="ProgressBar.cpp">
      <Filter>Controls</Filter>
    </ClCompile>
    <ClCompile Include="ScrollableControl.cpp">
      <Filter>Controls</Filter>
    </ClCompile>
    <ClCompile Include="ScrollBar.cpp">
      <Filter>Controls</Filter>
    </ClCompile>
    <ClCompile Include="TextBox.cpp">
      <Filter>Controls</Filter>
    </ClCompile>
    <ClCompile Include="ToolStrip.cpp">
      <Filter>Controls</Filter>
    </ClCompile>
    <ClCompile Include="VerticalScrollBar.cpp">
      <Filter>Controls</Filter>
    </ClCompile>
    <ClCompile Include="MenuStrip.cpp">
      <Filter>Controls</Filter>
    </ClCompile>
    <ClCompile Include="WinAPI.cpp">
      <Filter>Controls\Base</Filter>
    </ClCompile>
    <ClCompile Include="WindowClass.cpp">
      <Filter>Controls\Wrapper</Filter>
    </ClCompile>
    <ClCompile Include="Control.cpp">
      <Filter>Controls\Base</Filter>
    </ClCompile>
    <ClCompile Include="Component.cpp">
      <Filter>Controls\Base</Filter>
    </ClCompile>
    <ClCompile Include="Container.cpp">
      <Filter>Controls\Base</Filter>
    </ClCompile>
    <ClCompile Include="Site.cpp">
      <Filter>Controls\Base</Filter>
    </ClCompile>
    <ClCompile Include="MessageMapper.cpp">
      <Filter>Helpers</Filter>
    </ClCompile>
    <ClCompile Include="HorizontalScrollBar.cpp">
      <Filter>Controls</Filter>
    </ClCompile>
    <ClCompile Include="Window.cpp">
      <Filter>Controls</Filter>
    </ClCompile>
    <ClCompile Include="Application.cpp">
      <Filter>Application</Filter>
    </ClCompile>
    <ClCompile Include="Timer.cpp">
      <Filter>Helpers</Filter>
    </ClCompile>
  </ItemGroup>
  <ItemGroup>
    <ClInclude Include="dxerr.h" />
    <ClInclude Include="DXGIInfoManager.h" />
    <ClInclude Include="Graphics.h" />
    <ClInclude Include="IHandle.h">
      <Filter>Interfaces</Filter>
    </ClInclude>
    <ClInclude Include="IEquatable.h">
      <Filter>Interfaces</Filter>
    </ClInclude>
    <ClInclude Include="Menu.h">
      <Filter>Menu</Filter>
    </ClInclude>
    <ClInclude Include="MenuCheckItem.h">
      <Filter>Menu</Filter>
    </ClInclude>
    <ClInclude Include="MenuItem.h">
      <Filter>Menu</Filter>
    </ClInclude>
    <ClInclude Include="MenuLeaf.h">
      <Filter>Menu</Filter>
    </ClInclude>
    <ClInclude Include="MenuRadioItem.h">
      <Filter>Menu</Filter>
    </ClInclude>
    <ClInclude Include="MenuRoot.h">
      <Filter>Menu</Filter>
    </ClInclude>
    <ClInclude Include="MenuSeparator.h">
      <Filter>Menu</Filter>
    </ClInclude>
    <ClInclude Include="MenuBar.h">
      <Filter>Menu</Filter>
    </ClInclude>
    <ClInclude Include="Event.h">
      <Filter>Events</Filter>
    </ClInclude>
    <ClInclude Include="MouseEventHandler.h">
      <Filter>Events</Filter>
    </ClInclude>
    <ClInclude Include="EventArgs.h">
      <Filter>Events</Filter>
    </ClInclude>
    <ClInclude Include="MouseEventArgs.h">
      <Filter>Events</Filter>
    </ClInclude>
    <ClInclude Include="EventHandler.h">
      <Filter>Events</Filter>
    </ClInclude>
    <ClInclude Include="MenuEntryItem.h">
      <Filter>Menu</Filter>
    </ClInclude>
    <ClInclude Include="MenuEntryIconItem.h">
      <Filter>Menu</Filter>
    </ClInclude>
    <ClInclude Include="KeyEventHandler.h">
      <Filter>Events</Filter>
    </ClInclude>
    <ClInclude Include="KeyEventArgs.h">
      <Filter>Events</Filter>
    </ClInclude>
    <ClInclude Include="KeyPressEventArgs.h">
      <Filter>Events</Filter>
    </ClInclude>
    <ClInclude Include="KeyPressEventHandler.h">
      <Filter>Events</Filter>
    </ClInclude>
    <ClInclude Include="OnClosingEventArgs.h">
      <Filter>Events</Filter>
    </ClInclude>
    <ClInclude Include="OnClosingEventHandler.h">
      <Filter>Events</Filter>
    </ClInclude>
    <ClInclude Include="OnClosedEventArgs.h">
      <Filter>Events</Filter>
    </ClInclude>
    <ClInclude Include="OnClosedEventHandler.h">
      <Filter>Events</Filter>
    </ClInclude>
    <ClInclude Include="CancelEventArgs.h">
      <Filter>Events</Filter>
    </ClInclude>
    <ClInclude Include="CancelEventHandler.h">
      <Filter>Events</Filter>
    </ClInclude>
    <ClInclude Include="Font.h" />
    <ClInclude Include="TestUserApplication.h" />
    <ClInclude Include="IDisposable.h">
      <Filter>Interfaces</Filter>
    </ClInclude>
    <ClInclude Include="IComponent.h">
      <Filter>Interfaces</Filter>
    </ClInclude>
    <ClInclude Include="ISite.h">
      <Filter>Interfaces</Filter>
    </ClInclude>
    <ClInclude Include="IContainer.h">
      <Filter>Interfaces</Filter>
    </ClInclude>
    <ClInclude Include="IEvent.h">
      <Filter>Events</Filter>
    </ClInclude>
    <ClInclude Include="EventDispatcher.h">
      <Filter>Events</Filter>
    </ClInclude>
    <ClInclude Include="IEnumerator.h">
      <Filter>Interfaces</Filter>
    </ClInclude>
    <ClInclude Include="IEnumerable.h">
      <Filter>Interfaces</Filter>
    </ClInclude>
    <ClInclude Include="TestRealTimeApplication.h" />
    <ClInclude Include="ConvertEventArgs.h">
      <Filter>Events</Filter>
    </ClInclude>
    <ClInclude Include="ListControlConvertEventArgs.h">
      <Filter>Events</Filter>
    </ClInclude>
    <ClInclude Include="ListControlConvertEventHandler.h">
      <Filter>Events</Filter>
    </ClInclude>
    <ClInclude Include="ListItem.h" />
    <ClInclude Include="CommonObject.h" />
    <ClInclude Include="ArgumentException.h">
      <Filter>Exceptions</Filter>
    </ClInclude>
    <ClInclude Include="ArgumentNullException.h">
      <Filter>Exceptions</Filter>
    </ClInclude>
    <ClInclude Include="ArgumentOutOfRangeException.h">
      <Filter>Exceptions</Filter>
    </ClInclude>
    <ClInclude Include="ControlException.h">
      <Filter>Exceptions</Filter>
    </ClInclude>
    <ClInclude Include="InvalidOperationException.h">
      <Filter>Exceptions</Filter>
    </ClInclude>
    <ClInclude Include="NotImplementedException.h">
      <Filter>Exceptions</Filter>
    </ClInclude>
    <ClInclude Include="NotSupportedException.h">
      <Filter>Exceptions</Filter>
    </ClInclude>
    <ClInclude Include="SystemException.h">
      <Filter>Exceptions</Filter>
    </ClInclude>
    <ClInclude Include="Exception.h">
      <Filter>Exceptions</Filter>
    </ClInclude>
    <ClInclude Include="Exceptions.h">
      <Filter>Exceptions</Filter>
    </ClInclude>
    <ClInclude Include="Guid.h">
      <Filter>Types</Filter>
    </ClInclude>
    <ClInclude Include="IntPtr.h">
      <Filter>Types</Filter>
    </ClInclude>
    <ClInclude Include="Type.h">
      <Filter>Types</Filter>
    </ClInclude>
    <ClInclude Include="Object.h">
      <Filter>Types</Filter>
    </ClInclude>
    <ClInclude Include="IComparable.h">
      <Filter>Interfaces</Filter>
    </ClInclude>
    <ClInclude Include="Color.h">
      <Filter>Types</Filter>
    </ClInclude>
    <ClInclude Include="Point.h">
      <Filter>Types</Filter>
    </ClInclude>
    <ClInclude Include="Size.h">
      <Filter>Types</Filter>
    </ClInclude>
    <ClInclude Include="Padding.h">
      <Filter>Types</Filter>
    </ClInclude>
    <ClInclude Include="SHA1.h">
      <Filter>Security</Filter>
    </ClInclude>
    <ClInclude Include="Label.h">
      <Filter>Controls</Filter>
    </ClInclude>
    <ClInclude Include="ListBox.h">
      <Filter>Controls</Filter>
    </ClInclude>
    <ClInclude Include="ListControl.h">
      <Filter>Controls</Filter>
    </ClInclude>
    <ClInclude Include="ComboBox.h">
      <Filter>Controls</Filter>
    </ClInclude>
    <ClInclude Include="Button.h">
      <Filter>Controls</Filter>
    </ClInclude>
    <ClInclude Include="FlatButtonAppearance.h">
      <Filter>Controls</Filter>
    </ClInclude>
    <ClInclude Include="Keyboard.h">
      <Filter>IO</Filter>
    </ClInclude>
    <ClInclude Include="Keys.h">
      <Filter>IO</Filter>
    </ClInclude>
    <ClInclude Include="Mouse.h">
      <Filter>IO</Filter>
    </ClInclude>
    <ClInclude Include="MouseButtons.h">
      <Filter>IO</Filter>
    </ClInclude>
    <ClInclude Include="Mathlib.h">
      <Filter>Helpers</Filter>
    </ClInclude>
    <ClInclude Include="Enums.h">
      <Filter>Helpers</Filter>
    </ClInclude>
    <ClInclude Include="Utilities.h">
      <Filter>Helpers</Filter>
    </ClInclude>
    <ClInclude Include="Common.h">
      <Filter>Helpers</Filter>
    </ClInclude>
    <ClInclude Include="ProgressBar.h">
      <Filter>Controls</Filter>
    </ClInclude>
    <ClInclude Include="ScrollableControl.h">
      <Filter>Controls</Filter>
    </ClInclude>
    <ClInclude Include="ScrollBar.h">
      <Filter>Controls</Filter>
    </ClInclude>
    <ClInclude Include="TextBox.h">
      <Filter>Controls</Filter>
    </ClInclude>
    <ClInclude Include="ToolStrip.h">
      <Filter>Controls</Filter>
    </ClInclude>
    <ClInclude Include="VerticalScrollBar.h">
      <Filter>Controls</Filter>
    </ClInclude>
    <ClInclude Include="MenuStrip.h">
      <Filter>Controls</Filter>
    </ClInclude>
    <ClInclude Include="WinAPI.h">
      <Filter>Controls\Base</Filter>
    </ClInclude>
    <ClInclude Include="WindowClass.h">
      <Filter>Controls\Wrapper</Filter>
    </ClInclude>
    <ClInclude Include="Control.h">
      <Filter>Controls\Base</Filter>
    </ClInclude>
    <ClInclude Include="Component.h">
      <Filter>Controls\Base</Filter>
    </ClInclude>
    <ClInclude Include="Container.h">
      <Filter>Controls\Base</Filter>
    </ClInclude>
    <ClInclude Include="Site.h">
      <Filter>Controls\Base</Filter>
    </ClInclude>
    <ClInclude Include="MessageMapper.h">
      <Filter>Helpers</Filter>
    </ClInclude>
    <ClInclude Include="HorizontalScrollBar.h">
      <Filter>Controls</Filter>
    </ClInclude>
    <ClInclude Include="Window.h">
      <Filter>Controls</Filter>
    </ClInclude>
    <ClInclude Include="Application.h">
      <Filter>Application</Filter>
    </ClInclude>
    <ClInclude Include="RealTimeApplication.h">
      <Filter>Application</Filter>
    </ClInclude>
    <ClInclude Include="UserApplication.h">
      <Filter>Application</Filter>
    </ClInclude>
    <ClInclude Include="Timer.h">
      <Filter>Helpers</Filter>
    </ClInclude>
    <ClInclude Include="Appheaders.h">
      <Filter>Helpers</Filter>
    </ClInclude>
  </ItemGroup>
  <ItemGroup>
    <Filter Include="Interfaces">
      <UniqueIdentifier>{23d2fdbb-6f10-41e0-8b12-64052984b03f}</UniqueIdentifier>
    </Filter>
    <Filter Include="Menu">
      <UniqueIdentifier>{92987fab-9fd4-469c-b685-2c702d1fcb10}</UniqueIdentifier>
    </Filter>
    <Filter Include="Events">
      <UniqueIdentifier>{68a18714-2cd9-4c42-ab2d-ea88c215dbd4}</UniqueIdentifier>
    </Filter>
    <Filter Include="Exceptions">
      <UniqueIdentifier>{6f1d37e5-9c69-4839-8349-e691f6183d5f}</UniqueIdentifier>
    </Filter>
    <Filter Include="Types">
      <UniqueIdentifier>{479a7048-42b5-4d27-832b-e8f61663b546}</UniqueIdentifier>
    </Filter>
    <Filter Include="Security">
      <UniqueIdentifier>{2405503e-fd44-440f-833d-487a3653a71e}</UniqueIdentifier>
    </Filter>
    <Filter Include="Controls">
      <UniqueIdentifier>{fbc2eeed-e92f-4d81-beb5-d7daedf39ce5}</UniqueIdentifier>
    </Filter>
    <Filter Include="IO">
      <UniqueIdentifier>{3b7fb3e2-5465-4f71-9f54-69c1a5e29cab}</UniqueIdentifier>
    </Filter>
    <Filter Include="Helpers">
      <UniqueIdentifier>{f96065fc-5a68-4234-86c3-b269706fc7f7}</UniqueIdentifier>
    </Filter>
    <Filter Include="Controls\Base">
      <UniqueIdentifier>{5e79dda6-4433-4d00-b7dd-087d0ffa59ac}</UniqueIdentifier>
    </Filter>
    <Filter Include="Controls\Wrapper">
      <UniqueIdentifier>{dab17f86-ba2b-4cbe-b756-7a6f8fd5ac8e}</UniqueIdentifier>
    </Filter>
    <Filter Include="Application">
      <UniqueIdentifier>{af9ce343-c962-49f9-a7a8-2b15b999aecf}</UniqueIdentifier>
    </Filter>
  </ItemGroup>
  <ItemGroup>
    <None Include="ClassDiagram.cd" />
  </ItemGroup>
</Project>