<?xml version="1.0" encoding="utf-8"?>
<Project ToolsVersion="4.0" xmlns="http://schemas.microsoft.com/developer/msbuild/2003">
  <ItemGroup>
    <ClCompile Include="RealTimeApplication.cpp" />
    <ClCompile Include="Base.cpp" />
    <ClCompile Include="Control.cpp" />
    <ClCompile Include="dxerr.cpp" />
    <ClCompile Include="DXGIInfoManager.cpp" />
    <ClCompile Include="Exception.cpp" />
    <ClCompile Include="Graphics.cpp" />
    <ClCompile Include="IntPtr.cpp" />
    <ClCompile Include="Keyboard.cpp" />
    <ClCompile Include="Mathlib.cpp" />
    <ClCompile Include="Mouse.cpp" />
    <ClCompile Include="Point.cpp" />
    <ClCompile Include="Size.cpp" />
    <ClCompile Include="Timer.cpp" />
    <ClCompile Include="Type.cpp" />
    <ClCompile Include="Window.cpp" />
    <ClCompile Include="WinMain.cpp" />
    <ClCompile Include="Menu.cpp">
      <Filter>Menu</Filter>
    </ClCompile>
    <ClCompile Include="MenuCheckItem.cpp">
      <Filter>Menu</Filter>
    </ClCompile>
    <ClCompile Include="MenuItem.cpp">
      <Filter>Menu</Filter>
    </ClCompile>
    <ClCompile Include="MenuLeaf.cpp">
      <Filter>Menu</Filter>
    </ClCompile>
    <ClCompile Include="MenuRadioItem.cpp">
      <Filter>Menu</Filter>
    </ClCompile>
    <ClCompile Include="MenuRoot.cpp">
      <Filter>Menu</Filter>
    </ClCompile>
    <ClCompile Include="MenuSeparator.cpp">
      <Filter>Menu</Filter>
    </ClCompile>
    <ClCompile Include="MenuStrip.cpp">
      <Filter>Menu</Filter>
    </ClCompile>
    <ClCompile Include="Event.cpp">
      <Filter>Events</Filter>
    </ClCompile>
    <ClCompile Include="MenuEntryItem.cpp">
      <Filter>Menu</Filter>
    </ClCompile>
    <ClCompile Include="MenuEntryIconItem.cpp">
      <Filter>Menu</Filter>
    </ClCompile>
    <ClCompile Include="Button.cpp" />
    <ClCompile Include="Application.cpp" />
    <ClCompile Include="UserApplication.cpp" />
    <ClCompile Include="MessageMapper.cpp" />
    <ClCompile Include="TextBox.cpp" />
  </ItemGroup>
  <ItemGroup>
    <ClInclude Include="RealTimeApplication.h" />
    <ClInclude Include="Base.h" />
    <ClInclude Include="Color.h" />
    <ClInclude Include="Common.h" />
    <ClInclude Include="Control.h" />
    <ClInclude Include="dxerr.h" />
    <ClInclude Include="DXGIInfoManager.h" />
    <ClInclude Include="Exception.h" />
    <ClInclude Include="Graphics.h" />
    <ClInclude Include="IntPtr.h" />
    <ClInclude Include="Keyboard.h" />
    <ClInclude Include="Mathlib.h" />
    <ClInclude Include="Mouse.h" />
    <ClInclude Include="Point.h" />
    <ClInclude Include="Size.h" />
    <ClInclude Include="Timer.h" />
    <ClInclude Include="Type.h" />
    <ClInclude Include="uuid.h" />
    <ClInclude Include="Window.h" />
    <ClInclude Include="IHandle.h">
      <Filter>Interfaces</Filter>
    </ClInclude>
    <ClInclude Include="IEquatable.h">
      <Filter>Interfaces</Filter>
    </ClInclude>
    <ClInclude Include="Menu.h">
      <Filter>Menu</Filter>
    </ClInclude>
    <ClInclude Include="MenuCheckItem.h">
      <Filter>Menu</Filter>
    </ClInclude>
    <ClInclude Include="MenuItem.h">
      <Filter>Menu</Filter>
    </ClInclude>
    <ClInclude Include="MenuLeaf.h">
      <Filter>Menu</Filter>
    </ClInclude>
    <ClInclude Include="MenuRadioItem.h">
      <Filter>Menu</Filter>
    </ClInclude>
    <ClInclude Include="MenuRoot.h">
      <Filter>Menu</Filter>
    </ClInclude>
    <ClInclude Include="MenuSeparator.h">
      <Filter>Menu</Filter>
    </ClInclude>
    <ClInclude Include="MenuStrip.h">
      <Filter>Menu</Filter>
    </ClInclude>
    <ClInclude Include="Event.h">
      <Filter>Events</Filter>
    </ClInclude>
    <ClInclude Include="MouseEventHandler.h">
      <Filter>Events</Filter>
    </ClInclude>
    <ClInclude Include="EventArgs.h">
      <Filter>Events</Filter>
    </ClInclude>
    <ClInclude Include="MouseEventArgs.h">
      <Filter>Events</Filter>
    </ClInclude>
    <ClInclude Include="IHidable.h">
      <Filter>Interfaces</Filter>
    </ClInclude>
    <ClInclude Include="EventHandler.h">
      <Filter>Events</Filter>
    </ClInclude>
    <ClInclude Include="MenuEntryItem.h">
      <Filter>Menu</Filter>
    </ClInclude>
    <ClInclude Include="MenuEntryIconItem.h">
      <Filter>Menu</Filter>
    </ClInclude>
    <ClInclude Include="IActivable.h">
      <Filter>Interfaces</Filter>
    </ClInclude>
    <ClInclude Include="Button.h" />
    <ClInclude Include="IWinControl.h" />
    <ClInclude Include="KeyEventHandler.h">
      <Filter>Events</Filter>
    </ClInclude>
    <ClInclude Include="KeyEventArgs.h">
      <Filter>Events</Filter>
    </ClInclude>
    <ClInclude Include="KeyPressEventArgs.h">
      <Filter>Events</Filter>
    </ClInclude>
    <ClInclude Include="KeyPressEventHandler.h">
      <Filter>Events</Filter>
    </ClInclude>
    <ClInclude Include="OnClosingEventArgs.h">
      <Filter>Events</Filter>
    </ClInclude>
    <ClInclude Include="OnClosingEventHandler.h">
      <Filter>Events</Filter>
    </ClInclude>
    <ClInclude Include="Enums.h" />
    <ClInclude Include="OnClosedEventArgs.h">
      <Filter>Events</Filter>
    </ClInclude>
    <ClInclude Include="OnClosedEventHandler.h">
      <Filter>Events</Filter>
    </ClInclude>
    <ClInclude Include="Application.h" />
    <ClInclude Include="UserApplication.h" />
    <ClInclude Include="MessageMapper.h" />
    <ClInclude Include="TextBox.h" />
    <ClInclude Include="CancelEventArgs.h">
      <Filter>Events</Filter>
    </ClInclude>
    <ClInclude Include="CancelEventHandler.h">
      <Filter>Events</Filter>
    </ClInclude>
    <ClInclude Include="Keys.h" />
    <ClInclude Include="MouseButtons.h" />
  </ItemGroup>
  <ItemGroup>
    <Filter Include="Interfaces">
      <UniqueIdentifier>{23d2fdbb-6f10-41e0-8b12-64052984b03f}</UniqueIdentifier>
    </Filter>
    <Filter Include="Menu">
      <UniqueIdentifier>{92987fab-9fd4-469c-b685-2c702d1fcb10}</UniqueIdentifier>
    </Filter>
    <Filter Include="Events">
      <UniqueIdentifier>{68a18714-2cd9-4c42-ab2d-ea88c215dbd4}</UniqueIdentifier>
    </Filter>
  </ItemGroup>
</Project>